// !$*UTF8*$!
{
	archiveVersion = 1;
	classes = {
	};
	objectVersion = 48;
	objects = {

/* Begin PBXBuildFile section */
		326E24F2220EC93200249543 /* LeagueVC.swift in Sources */ = {isa = PBXBuildFile; fileRef = 326E24F1220EC93200249543 /* LeagueVC.swift */; };
		326E24F4220EC97000249543 /* SkillVC.swift in Sources */ = {isa = PBXBuildFile; fileRef = 326E24F3220EC97000249543 /* SkillVC.swift */; };
		32A729D42209C72100D1A246 /* AppDelegate.swift in Sources */ = {isa = PBXBuildFile; fileRef = 32A729D32209C72100D1A246 /* AppDelegate.swift */; };
		32A729D62209C72200D1A246 /* WelcomeVC.swift in Sources */ = {isa = PBXBuildFile; fileRef = 32A729D52209C72200D1A246 /* WelcomeVC.swift */; };
		32A729D92209C72200D1A246 /* Main.storyboard in Resources */ = {isa = PBXBuildFile; fileRef = 32A729D72209C72200D1A246 /* Main.storyboard */; };
		32A729DB2209C72200D1A246 /* Assets.xcassets in Resources */ = {isa = PBXBuildFile; fileRef = 32A729DA2209C72200D1A246 /* Assets.xcassets */; };
		32A729DE2209C72200D1A246 /* LaunchScreen.storyboard in Resources */ = {isa = PBXBuildFile; fileRef = 32A729DC2209C72200D1A246 /* LaunchScreen.storyboard */; };
		32A729E72209CEF700D1A246 /* BorderButton.swift in Sources */ = {isa = PBXBuildFile; fileRef = 32A729E62209CEF700D1A246 /* BorderButton.swift */; };
/* End PBXBuildFile section */

/* Begin PBXFileReference section */
		326E24F1220EC93200249543 /* LeagueVC.swift */ = {isa = PBXFileReference; lastKnownFileType = sourcecode.swift; path = LeagueVC.swift; sourceTree = "<group>"; };
		326E24F3220EC97000249543 /* SkillVC.swift */ = {isa = PBXFileReference; lastKnownFileType = sourcecode.swift; path = SkillVC.swift; sourceTree = "<group>"; };
		32A729D02209C72100D1A246 /* Swoosh.app */ = {isa = PBXFileReference; explicitFileType = wrapper.application; includeInIndex = 0; path = Swoosh.app; sourceTree = BUILT_PRODUCTS_DIR; };
		32A729D32209C72100D1A246 /* AppDelegate.swift */ = {isa = PBXFileReference; lastKnownFileType = sourcecode.swift; path = AppDelegate.swift; sourceTree = "<group>"; };
		32A729D52209C72200D1A246 /* WelcomeVC.swift */ = {isa = PBXFileReference; lastKnownFileType = sourcecode.swift; path = WelcomeVC.swift; sourceTree = "<group>"; };
		32A729D82209C72200D1A246 /* Base */ = {isa = PBXFileReference; lastKnownFileType = file.storyboard; name = Base; path = Base.lproj/Main.storyboard; sourceTree = "<group>"; };
		32A729DA2209C72200D1A246 /* Assets.xcassets */ = {isa = PBXFileReference; lastKnownFileType = folder.assetcatalog; path = Assets.xcassets; sourceTree = "<group>"; };
		32A729DD2209C72200D1A246 /* Base */ = {isa = PBXFileReference; lastKnownFileType = file.storyboard; name = Base; path = Base.lproj/LaunchScreen.storyboard; sourceTree = "<group>"; };
		32A729DF2209C72200D1A246 /* Info.plist */ = {isa = PBXFileReference; lastKnownFileType = text.plist.xml; path = Info.plist; sourceTree = "<group>"; };
		32A729E62209CEF700D1A246 /* BorderButton.swift */ = {isa = PBXFileReference; lastKnownFileType = sourcecode.swift; path = BorderButton.swift; sourceTree = "<group>"; };
/* End PBXFileReference section */

/* Begin PBXFrameworksBuildPhase section */
		32A729CD2209C72100D1A246 /* Frameworks */ = {
			isa = PBXFrameworksBuildPhase;
			buildActionMask = 2147483647;
			files = (
			);
			runOnlyForDeploymentPostprocessing = 0;
		};
/* End PBXFrameworksBuildPhase section */

/* Begin PBXGroup section */
		326E24EF220EC8E800249543 /* controller */ = {
			isa = PBXGroup;
			children = (
				32A729D52209C72200D1A246 /* WelcomeVC.swift */,
				326E24F1220EC93200249543 /* LeagueVC.swift */,
				326E24F3220EC97000249543 /* SkillVC.swift */,
			);
			path = controller;
			sourceTree = "<group>";
		};
		326E24F0220EC8F900249543 /* model */ = {
			isa = PBXGroup;
			children = (
			);
			path = model;
			sourceTree = "<group>";
		};
		32A729C72209C72100D1A246 = {
			isa = PBXGroup;
			children = (
				32A729D22209C72100D1A246 /* Swoosh */,
				32A729D12209C72100D1A246 /* Products */,
			);
			sourceTree = "<group>";
		};
		32A729D12209C72100D1A246 /* Products */ = {
			isa = PBXGroup;
			children = (
				32A729D02209C72100D1A246 /* Swoosh.app */,
			);
			name = Products;
			sourceTree = "<group>";
		};
		32A729D22209C72100D1A246 /* Swoosh */ = {
			isa = PBXGroup;
			children = (
				326E24F0220EC8F900249543 /* model */,
				326E24EF220EC8E800249543 /* controller */,
				32A729E52209CED400D1A246 /* views */,
				32A729D32209C72100D1A246 /* AppDelegate.swift */,
				32A729D72209C72200D1A246 /* Main.storyboard */,
				32A729DA2209C72200D1A246 /* Assets.xcassets */,
				32A729DC2209C72200D1A246 /* LaunchScreen.storyboard */,
				32A729DF2209C72200D1A246 /* Info.plist */,
			);
			path = Swoosh;
			sourceTree = "<group>";
		};
		32A729E52209CED400D1A246 /* views */ = {
			isa = PBXGroup;
			children = (
				32A729E62209CEF700D1A246 /* BorderButton.swift */,
			);
			path = views;
			sourceTree = "<group>";
		};
/* End PBXGroup section */

/* Begin PBXNativeTarget section */
		32A729CF2209C72100D1A246 /* Swoosh */ = {
			isa = PBXNativeTarget;
			buildConfigurationList = 32A729E22209C72200D1A246 /* Build configuration list for PBXNativeTarget "Swoosh" */;
			buildPhases = (
				32A729CC2209C72100D1A246 /* Sources */,
				32A729CD2209C72100D1A246 /* Frameworks */,
				32A729CE2209C72100D1A246 /* Resources */,
			);
			buildRules = (
			);
			dependencies = (
			);
			name = Swoosh;
			productName = Swoosh;
			productReference = 32A729D02209C72100D1A246 /* Swoosh.app */;
			productType = "com.apple.product-type.application";
		};
/* End PBXNativeTarget section */

/* Begin PBXProject section */
		32A729C82209C72100D1A246 /* Project object */ = {
			isa = PBXProject;
			attributes = {
				LastSwiftUpdateCheck = 0920;
				LastUpgradeCheck = 0920;
				ORGANIZATIONNAME = "Ravi Inder Manshahia";
				TargetAttributes = {
					32A729CF2209C72100D1A246 = {
						CreatedOnToolsVersion = 9.2;
						ProvisioningStyle = Automatic;
					};
				};
			};
			buildConfigurationList = 32A729CB2209C72100D1A246 /* Build configuration list for PBXProject "Swoosh" */;
			compatibilityVersion = "Xcode 8.0";
			developmentRegion = en;
			hasScannedForEncodings = 0;
			knownRegions = (
				en,
				Base,
			);
			mainGroup = 32A729C72209C72100D1A246;
			productRefGroup = 32A729D12209C72100D1A246 /* Products */;
			projectDirPath = "";
			projectRoot = "";
			targets = (
				32A729CF2209C72100D1A246 /* Swoosh */,
			);
		};
/* End PBXProject section */

/* Begin PBXResourcesBuildPhase section */
		32A729CE2209C72100D1A246 /* Resources */ = {
			isa = PBXResourcesBuildPhase;
			buildActionMask = 2147483647;
			files = (
				32A729DE2209C72200D1A246 /* LaunchScreen.storyboard in Resources */,
				32A729DB2209C72200D1A246 /* Assets.xcassets in Resources */,
				32A729D92209C72200D1A246 /* Main.storyboard in Resources */,
			);
			runOnlyForDeploymentPostprocessing = 0;
		};
/* End PBXResourcesBuildPhase section */

/* Begin PBXSourcesBuildPhase section */
		32A729CC2209C72100D1A246 /* Sources */ = {
			isa = PBXSourcesBuildPhase;
			buildActionMask = 2147483647;
			files = (
				32A729D62209C72200D1A246 /* WelcomeVC.swift in Sources */,
				326E24F2220EC93200249543 /* LeagueVC.swift in Sources */,
				32A729D42209C72100D1A246 /* AppDelegate.swift in Sources */,
				326E24F4220EC97000249543 /* SkillVC.swift in Sources */,
				32A729E72209CEF700D1A246 /* BorderButton.swift in Sources */,
			);
			runOnlyForDeploymentPostprocessing = 0;
		};
/* End PBXSourcesBuildPhase section */

/* Begin PBXVariantGroup section */
		32A729D72209C72200D1A246 /* Main.storyboard */ = {
			isa = PBXVariantGroup;
			children = (
				32A729D82209C72200D1A246 /* Base */,
			);
			name = Main.storyboard;
			sourceTree = "<group>";
		};
		32A729DC2209C72200D1A246 /* LaunchScreen.storyboard */ = {
			isa = PBXVariantGroup;
			children = (
				32A729DD2209C72200D1A246 /* Base */,
			);
			name = LaunchScreen.storyboard;
			sourceTree = "<group>";
		};
/* End PBXVariantGroup section */

/* Begin XCBuildConfiguration section */
		32A729E02209C72200D1A246 /* Debug */ = {
			isa = XCBuildConfiguration;
			buildSettings = {
				ALWAYS_SEARCH_USER_PATHS = NO;
				CLANG_ANALYZER_NONNULL = YES;
				CLANG_ANALYZER_NUMBER_OBJECT_CONVERSION = YES_AGGRESSIVE;
				CLANG_CXX_LANGUAGE_STANDARD = "gnu++14";
				CLANG_CXX_LIBRARY = "libc++";
				CLANG_ENABLE_MODULES = YES;
				CLANG_ENABLE_OBJC_ARC = YES;
				CLANG_WARN_BLOCK_CAPTURE_AUTORELEASING = YES;
				CLANG_WARN_BOOL_CONVERSION = YES;
				CLANG_WARN_COMMA = YES;
				CLANG_WARN_CONSTANT_CONVERSION = YES;
				CLANG_WARN_DIRECT_OBJC_ISA_USAGE = YES_ERROR;
				CLANG_WARN_DOCUMENTATION_COMMENTS = YES;
				CLANG_WARN_EMPTY_BODY = YES;
				CLANG_WARN_ENUM_CONVERSION = YES;
				CLANG_WARN_INFINITE_RECURSION = YES;
				CLANG_WARN_INT_CONVERSION = YES;
				CLANG_WARN_NON_LITERAL_NULL_CONVERSION = YES;
				CLANG_WARN_OBJC_LITERAL_CONVERSION = YES;
				CLANG_WARN_OBJC_ROOT_CLASS = YES_ERROR;
				CLANG_WARN_RANGE_LOOP_ANALYSIS = YES;
				CLANG_WARN_STRICT_PROTOTYPES = YES;
				CLANG_WARN_SUSPICIOUS_MOVE = YES;
				CLANG_WARN_UNGUARDED_AVAILABILITY = YES_AGGRESSIVE;
				CLANG_WARN_UNREACHABLE_CODE = YES;
				CLANG_WARN__DUPLICATE_METHOD_MATCH = YES;
				CODE_SIGN_IDENTITY = "iPhone Developer";
				COPY_PHASE_STRIP = NO;
				DEBUG_INFORMATION_FORMAT = dwarf;
				ENABLE_STRICT_OBJC_MSGSEND = YES;
				ENABLE_TESTABILITY = YES;
				GCC_C_LANGUAGE_STANDARD = gnu11;
				GCC_DYNAMIC_NO_PIC = NO;
				GCC_NO_COMMON_BLOCKS = YES;
				GCC_OPTIMIZATION_LEVEL = 0;
				GCC_PREPROCESSOR_DEFINITIONS = (
					"DEBUG=1",
					"$(inherited)",
				);
				GCC_WARN_64_TO_32_BIT_CONVERSION = YES;
				GCC_WARN_ABOUT_RETURN_TYPE = YES_ERROR;
				GCC_WARN_UNDECLARED_SELECTOR = YES;
				GCC_WARN_UNINITIALIZED_AUTOS = YES_AGGRESSIVE;
				GCC_WARN_UNUSED_FUNCTION = YES;
				GCC_WARN_UNUSED_VARIABLE = YES;
				IPHONEOS_DEPLOYMENT_TARGET = 11.2;
				MTL_ENABLE_DEBUG_INFO = YES;
				ONLY_ACTIVE_ARCH = YES;
				SDKROOT = iphoneos;
				SWIFT_ACTIVE_COMPILATION_CONDITIONS = DEBUG;
				SWIFT_OPTIMIZATION_LEVEL = "-Onone";
			};
			name = Debug;
		};
		32A729E12209C72200D1A246 /* Release */ = {
			isa = XCBuildConfiguration;
			buildSettings = {
				ALWAYS_SEARCH_USER_PATHS = NO;
				CLANG_ANALYZER_NONNULL = YES;
				CLANG_ANALYZER_NUMBER_OBJECT_CONVERSION = YES_AGGRESSIVE;
				CLANG_CXX_LANGUAGE_STANDARD = "gnu++14";
				CLANG_CXX_LIBRARY = "libc++";
				CLANG_ENABLE_MODULES = YES;
				CLANG_ENABLE_OBJC_ARC = YES;
				CLANG_WARN_BLOCK_CAPTURE_AUTORELEASING = YES;
				CLANG_WARN_BOOL_CONVERSION = YES;
				CLANG_WARN_COMMA = YES;
				CLANG_WARN_CONSTANT_CONVERSION = YES;
				CLANG_WARN_DIRECT_OBJC_ISA_USAGE = YES_ERROR;
				CLANG_WARN_DOCUMENTATION_COMMENTS = YES;
				CLANG_WARN_EMPTY_BODY = YES;
				CLANG_WARN_ENUM_CONVERSION = YES;
				CLANG_WARN_INFINITE_RECURSION = YES;
				CLANG_WARN_INT_CONVERSION = YES;
				CLANG_WARN_NON_LITERAL_NULL_CONVERSION = YES;
				CLANG_WARN_OBJC_LITERAL_CONVERSION = YES;
				CLANG_WARN_OBJC_ROOT_CLASS = YES_ERROR;
				CLANG_WARN_RANGE_LOOP_ANALYSIS = YES;
				CLANG_WARN_STRICT_PROTOTYPES = YES;
				CLANG_WARN_SUSPICIOUS_MOVE = YES;
				CLANG_WARN_UNGUARDED_AVAILABILITY = YES_AGGRESSIVE;
				CLANG_WARN_UNREACHABLE_CODE = YES;
				CLANG_WARN__DUPLICATE_METHOD_MATCH = YES;
				CODE_SIGN_IDENTITY = "iPhone Developer";
				COPY_PHASE_STRIP = NO;
				DEBUG_INFORMATION_FORMAT = "dwarf-with-dsym";
				ENABLE_NS_ASSERTIONS = NO;
				ENABLE_STRICT_OBJC_MSGSEND = YES;
				GCC_C_LANGUAGE_STANDARD = gnu11;
				GCC_NO_COMMON_BLOCKS = YES;
				GCC_WARN_64_TO_32_BIT_CONVERSION = YES;
				GCC_WARN_ABOUT_RETURN_TYPE = YES_ERROR;
				GCC_WARN_UNDECLARED_SELECTOR = YES;
				GCC_WARN_UNINITIALIZED_AUTOS = YES_AGGRESSIVE;
				GCC_WARN_UNUSED_FUNCTION = YES;
				GCC_WARN_UNUSED_VARIABLE = YES;
				IPHONEOS_DEPLOYMENT_TARGET = 11.2;
				MTL_ENABLE_DEBUG_INFO = NO;
				SDKROOT = iphoneos;
				SWIFT_OPTIMIZATION_LEVEL = "-Owholemodule";
				VALIDATE_PRODUCT = YES;
			};
			name = Release;
		};
		32A729E32209C72200D1A246 /* Debug */ = {
			isa = XCBuildConfiguration;
			buildSettings = {
				ASSETCATALOG_COMPILER_APPICON_NAME = AppIcon;
				CODE_SIGN_STYLE = Automatic;
				INFOPLIST_FILE = Swoosh/Info.plist;
				LD_RUNPATH_SEARCH_PATHS = "$(inherited) @executable_path/Frameworks";
				PRODUCT_BUNDLE_IDENTIFIER = com.con.Swoosh;
				PRODUCT_NAME = "$(TARGET_NAME)";
				SWIFT_VERSION = 4.0;
				TARGETED_DEVICE_FAMILY = "1,2";
			};
			name = Debug;
		};
		32A729E42209C72200D1A246 /* Release */ = {
			isa = XCBuildConfiguration;
			buildSettings = {
				ASSETCATALOG_COMPILER_APPICON_NAME = AppIcon;
				CODE_SIGN_STYLE = Automatic;
				INFOPLIST_FILE = Swoosh/Info.plist;
				LD_RUNPATH_SEARCH_PATHS = "$(inherited) @executable_path/Frameworks";
				PRODUCT_BUNDLE_IDENTIFIER = com.con.Swoosh;
				PRODUCT_NAME = "$(TARGET_NAME)";
				SWIFT_VERSION = 4.0;
				TARGETED_DEVICE_FAMILY = "1,2";
			};
			name = Release;
		};
/* End XCBuildConfiguration section */

/* Begin XCConfigurationList section */
		32A729CB2209C72100D1A246 /* Build configuration list for PBXProject "Swoosh" */ = {
			isa = XCConfigurationList;
			buildConfigurations = (
				32A729E02209C72200D1A246 /* Debug */,
				32A729E12209C72200D1A246 /* Release */,
			);
			defaultConfigurationIsVisible = 0;
			defaultConfigurationName = Release;
		};
		32A729E22209C72200D1A246 /* Build configuration list for PBXNativeTarget "Swoosh" */ = {
			isa = XCConfigurationList;
			buildConfigurations = (
				32A729E32209C72200D1A246 /* Debug */,
				32A729E42209C72200D1A246 /* Release */,
			);
			defaultConfigurationIsVisible = 0;
			defaultConfigurationName = Release;
		};
/* End XCConfigurationList section */
	};
	rootObject = 32A729C82209C72100D1A246 /* Project object */;
}
